
Microsoft Visual Studio Solution File, Format Version 12.00
# Visual Studio Version 16
VisualStudioVersion = 16.0.31402.337
MinimumVisualStudioVersion = 10.0.40219.1
Project("{9A19103F-16F7-4668-BE54-9A1E7A4F7556}") = "Quiddler_Library", "Quiddler_Library.csproj", "{A1E9D390-63A6-47EA-AA12-52CECF2D07BE}"
EndProject
Project("{FAE04EC0-301F-11D3-BF4B-00C04F79EFBC}") = "Quiddler_Client", "..\Quiddler_Client\Quiddler_Client.csproj", "{C9EEDED7-9333-4ACC-9499-872353FC1A2C}"
EndProject
Global
	GlobalSection(SolutionConfigurationPlatforms) = preSolution
		Debug|Any CPU = Debug|Any CPU
		Release|Any CPU = Release|Any CPU
	EndGlobalSection
	GlobalSection(ProjectConfigurationPlatforms) = postSolution
		{A1E9D390-63A6-47EA-AA12-52CECF2D07BE}.Debug|Any CPU.ActiveCfg = Debug|Any CPU
		{A1E9D390-63A6-47EA-AA12-52CECF2D07BE}.Debug|Any CPU.Build.0 = Debug|Any CPU
		{A1E9D390-63A6-47EA-AA12-52CECF2D07BE}.Release|Any CPU.ActiveCfg = Release|Any CPU
		{A1E9D390-63A6-47EA-AA12-52CECF2D07BE}.Release|Any CPU.Build.0 = Release|Any CPU
		{C9EEDED7-9333-4ACC-9499-872353FC1A2C}.Debug|Any CPU.ActiveCfg = Debug|Any CPU
		{C9EEDED7-9333-4ACC-9499-872353FC1A2C}.Debug|Any CPU.Build.0 = Debug|Any CPU
		{C9EEDED7-9333-4ACC-9499-872353FC1A2C}.Release|Any CPU.ActiveCfg = Release|Any CPU
		{C9EEDED7-9333-4ACC-9499-872353FC1A2C}.Release|Any CPU.Build.0 = Release|Any CPU
	EndGlobalSection
	GlobalSection(SolutionProperties) = preSolution
		HideSolutionNode = FALSE
	EndGlobalSection
	GlobalSection(ExtensibilityGlobals) = postSolution
		SolutionGuid = {1C185BA6-DF31-41C2-A3ED-14D5CDFC0738}
	EndGlobalSection
EndGlobal
